<Solution>
  <Folder Name="/Itens de Solução/">
    <File Path=".dockerignore" />
    <File Path=".editorconfig" />
    <File Path=".gitignore" />
    <File Path="analise-e-melhoria.md" />
    <File Path="Directory.Build.props" />
    <File Path="Directory.Packages.props" />
    <File Path="docker-compose.yml" />
    <File Path="nuget.config" />
    <File Path="README.md" />
  </Folder>
  <Folder Name="/src/">
    <Project Path="src/fcs.Donations.Application/fcs.Donations.Application.csproj" />
    <Project Path="src/fcs.Donations.Domain/fcs.Donations.Domain.csproj" />
    <Project Path="src/fcs.Donations.Infrastructure.Auth/fcs.Donations.Infrastructure.Auth.csproj" />
    <Project Path="src/fcs.Donations.Infrastructure.Http/fcs.Donations.Infrastructure.Http.csproj" />
    <Project Path="src/fcs.Donations.Infrastructure.Kafka/fcs.Donations.Infrastructure.Kafka.csproj" />
    <Project Path="src/fcs.Donations.Infrastructure.MongoDb/fcs.Donations.Infrastructure.MongoDb.csproj" />
    <Project Path="src/fcs.Donations.Infrastructure.SqlServer/fcs.Donations.Infrastructure.SqlServer.csproj" />
    <Project Path="src/fcs.Donations.Messages/fcs.Donations.Messages.csproj" />
    <Project Path="src/fcs.Donations.WebApi/fcs.Donations.WebApi.csproj" />
  </Folder>
  <Folder Name="/tests/">
    <Project Path="tests/fcs.Donations.CommomTestsUtilities/fcs.Donations.CommomTestsUtilities.csproj" />
    <Project Path="tests/fcs.Donations.FunctionalTests/fcs.Donations.FunctionalTests.csproj" />
    <Project Path="tests/fcs.Donations.IntegratedTests/fcs.Donations.IntegratedTests.csproj" />
    <Project Path="tests/fcs.Donations.UnitTests/fcs.Donations.UnitTests.csproj" />
  </Folder>
</Solution>
